
Microsoft Visual Studio Solution File, Format Version 12.00
# Visual Studio Version 17
VisualStudioVersion = 17.12.35527.113
MinimumVisualStudioVersion = 10.0.40219.1
Project("{FAE04EC0-301F-11D3-BF4B-00C04F79EFBC}") = "Forum.Presentation.Api", "Forum.Presentation.Api\Forum.Presentation.Api.csproj", "{B79C58E8-16FE-445D-BE6E-A88218103980}"
EndProject
Project("{FAE04EC0-301F-11D3-BF4B-00C04F79EFBC}") = "Forum.Application", "Forum.Application\Forum.Application.csproj", "{64739B71-5D3F-48D6-9A7C-F5811E8AF73A}"
EndProject
Project("{FAE04EC0-301F-11D3-BF4B-00C04F79EFBC}") = "Forum.Domain", "Forum.Domain\Forum.Domain.csproj", "{589440EE-C361-474D-8EF5-BA788429D492}"
EndProject
Project("{FAE04EC0-301F-11D3-BF4B-00C04F79EFBC}") = "Forum.Infrastructure", "Forum.Infrastructure\Forum.Infrastructure.csproj", "{4C72ABAB-B230-4A0C-A1E8-423081106BA7}"
EndProject
Project("{FAE04EC0-301F-11D3-BF4B-00C04F79EFBC}") = "Forum.DataAccess", "Forum.DataAccess\Forum.DataAccess.csproj", "{F46FBC31-58EF-49A3-A6D9-F96CC03D0A8D}"
EndProject
Project("{FAE04EC0-301F-11D3-BF4B-00C04F79EFBC}") = "Forum.Presentation.Web", "Forum.Presentation.Web\Forum.Presentation.Web.csproj", "{A1C490CF-90AF-4F32-AF24-92B3892C5D1B}"
EndProject
Project("{2150E333-8FDC-42A3-9474-1A3956D46DE8}") = "src", "src", "{5EDF728F-AA7C-4982-8BBB-4FC6B17C9460}"
EndProject
Project("{2150E333-8FDC-42A3-9474-1A3956D46DE8}") = "tests", "tests", "{13746BBE-76A0-4B23-99C9-25A9F7916691}"
EndProject
Project("{FAE04EC0-301F-11D3-BF4B-00C04F79EFBC}") = "Forum.UnitTests", "..\test\Forum.UnitTests\Forum.UnitTests.csproj", "{C5CA110D-75E3-4597-A33F-03E8052E1991}"
EndProject
Global
	GlobalSection(SolutionConfigurationPlatforms) = preSolution
		Debug|Any CPU = Debug|Any CPU
		Release|Any CPU = Release|Any CPU
	EndGlobalSection
	GlobalSection(ProjectConfigurationPlatforms) = postSolution
		{B79C58E8-16FE-445D-BE6E-A88218103980}.Debug|Any CPU.ActiveCfg = Debug|Any CPU
		{B79C58E8-16FE-445D-BE6E-A88218103980}.Debug|Any CPU.Build.0 = Debug|Any CPU
		{B79C58E8-16FE-445D-BE6E-A88218103980}.Release|Any CPU.ActiveCfg = Release|Any CPU
		{B79C58E8-16FE-445D-BE6E-A88218103980}.Release|Any CPU.Build.0 = Release|Any CPU
		{64739B71-5D3F-48D6-9A7C-F5811E8AF73A}.Debug|Any CPU.ActiveCfg = Debug|Any CPU
		{64739B71-5D3F-48D6-9A7C-F5811E8AF73A}.Debug|Any CPU.Build.0 = Debug|Any CPU
		{64739B71-5D3F-48D6-9A7C-F5811E8AF73A}.Release|Any CPU.ActiveCfg = Release|Any CPU
		{64739B71-5D3F-48D6-9A7C-F5811E8AF73A}.Release|Any CPU.Build.0 = Release|Any CPU
		{589440EE-C361-474D-8EF5-BA788429D492}.Debug|Any CPU.ActiveCfg = Debug|Any CPU
		{589440EE-C361-474D-8EF5-BA788429D492}.Debug|Any CPU.Build.0 = Debug|Any CPU
		{589440EE-C361-474D-8EF5-BA788429D492}.Release|Any CPU.ActiveCfg = Release|Any CPU
		{589440EE-C361-474D-8EF5-BA788429D492}.Release|Any CPU.Build.0 = Release|Any CPU
		{4C72ABAB-B230-4A0C-A1E8-423081106BA7}.Debug|Any CPU.ActiveCfg = Debug|Any CPU
		{4C72ABAB-B230-4A0C-A1E8-423081106BA7}.Debug|Any CPU.Build.0 = Debug|Any CPU
		{4C72ABAB-B230-4A0C-A1E8-423081106BA7}.Release|Any CPU.ActiveCfg = Release|Any CPU
		{4C72ABAB-B230-4A0C-A1E8-423081106BA7}.Release|Any CPU.Build.0 = Release|Any CPU
		{F46FBC31-58EF-49A3-A6D9-F96CC03D0A8D}.Debug|Any CPU.ActiveCfg = Debug|Any CPU
		{F46FBC31-58EF-49A3-A6D9-F96CC03D0A8D}.Debug|Any CPU.Build.0 = Debug|Any CPU
		{F46FBC31-58EF-49A3-A6D9-F96CC03D0A8D}.Release|Any CPU.ActiveCfg = Release|Any CPU
		{F46FBC31-58EF-49A3-A6D9-F96CC03D0A8D}.Release|Any CPU.Build.0 = Release|Any CPU
		{A1C490CF-90AF-4F32-AF24-92B3892C5D1B}.Debug|Any CPU.ActiveCfg = Debug|Any CPU
		{A1C490CF-90AF-4F32-AF24-92B3892C5D1B}.Debug|Any CPU.Build.0 = Debug|Any CPU
		{A1C490CF-90AF-4F32-AF24-92B3892C5D1B}.Release|Any CPU.ActiveCfg = Release|Any CPU
		{A1C490CF-90AF-4F32-AF24-92B3892C5D1B}.Release|Any CPU.Build.0 = Release|Any CPU
		{C5CA110D-75E3-4597-A33F-03E8052E1991}.Debug|Any CPU.ActiveCfg = Debug|Any CPU
		{C5CA110D-75E3-4597-A33F-03E8052E1991}.Debug|Any CPU.Build.0 = Debug|Any CPU
		{C5CA110D-75E3-4597-A33F-03E8052E1991}.Release|Any CPU.ActiveCfg = Release|Any CPU
		{C5CA110D-75E3-4597-A33F-03E8052E1991}.Release|Any CPU.Build.0 = Release|Any CPU
	EndGlobalSection
	GlobalSection(SolutionProperties) = preSolution
		HideSolutionNode = FALSE
	EndGlobalSection
	GlobalSection(NestedProjects) = preSolution
		{B79C58E8-16FE-445D-BE6E-A88218103980} = {5EDF728F-AA7C-4982-8BBB-4FC6B17C9460}
		{64739B71-5D3F-48D6-9A7C-F5811E8AF73A} = {5EDF728F-AA7C-4982-8BBB-4FC6B17C9460}
		{589440EE-C361-474D-8EF5-BA788429D492} = {5EDF728F-AA7C-4982-8BBB-4FC6B17C9460}
		{4C72ABAB-B230-4A0C-A1E8-423081106BA7} = {5EDF728F-AA7C-4982-8BBB-4FC6B17C9460}
		{F46FBC31-58EF-49A3-A6D9-F96CC03D0A8D} = {5EDF728F-AA7C-4982-8BBB-4FC6B17C9460}
		{A1C490CF-90AF-4F32-AF24-92B3892C5D1B} = {5EDF728F-AA7C-4982-8BBB-4FC6B17C9460}
		{C5CA110D-75E3-4597-A33F-03E8052E1991} = {13746BBE-76A0-4B23-99C9-25A9F7916691}
	EndGlobalSection
EndGlobal
